
Microsoft Visual Studio Solution File, Format Version 12.00
# Visual Studio 14
VisualStudioVersion = 14.0.24720.0
MinimumVisualStudioVersion = 10.0.40219.1
Project("{FAE04EC0-301F-11D3-BF4B-00C04F79EFBC}") = "Core", "Core\Core.csproj", "{D22B4C57-ADF8-4CBB-9B6E-D4AE91E7153B}"
EndProject
Project("{FAE04EC0-301F-11D3-BF4B-00C04F79EFBC}") = "DB.Database", "DB.Database\DB.Database.csproj", "{F785EEA0-27AD-4A29-ACD4-AE02E7CC8585}"
EndProject
Project("{FAE04EC0-301F-11D3-BF4B-00C04F79EFBC}") = "DB.DatabaseAccess", "DB.DatabaseAccess\DB.DatabaseAccess.csproj", "{3318493B-EB9A-49D6-9EF3-AEBC43DFC945}"
EndProject
Project("{FAE04EC0-301F-11D3-BF4B-00C04F79EFBC}") = "Web.UI", "Web.UI\Web.UI.csproj", "{8CC49735-AB93-4FA9-BD15-0BDC28C63A02}"
EndProject
Project("{FAE04EC0-301F-11D3-BF4B-00C04F79EFBC}") = "Web.API", "Web.API\Web.API.csproj", "{1503A9E0-3C2A-4DC8-AEE4-B97D14FA7B27}"
EndProject
Project("{FAE04EC0-301F-11D3-BF4B-00C04F79EFBC}") = "Web.API.Tests", "Web.API.Tests\Web.API.Tests.csproj", "{7A8AC1C8-884B-4555-8DB0-905509C3A5D7}"
EndProject
Project("{FAE04EC0-301F-11D3-BF4B-00C04F79EFBC}") = "Core.ThirdPartyUtilities", "Core.ThirdPartyUtilities\Core.ThirdPartyUtilities.csproj", "{48E53F0E-543F-4BB1-A7A1-40B5F51245D9}"
EndProject
Project("{2150E333-8FDC-42A3-9474-1A3956D46DE8}") = "SolutionItems", "SolutionItems", "{69E1405E-DF98-447F-AAD3-5EACD81958E4}"
EndProject
Project("{2150E333-8FDC-42A3-9474-1A3956D46DE8}") = "Common", "Common", "{379FD420-7503-48FB-87FB-67C244350655}"
EndProject
Project("{2150E333-8FDC-42A3-9474-1A3956D46DE8}") = "Database", "Database", "{5BA3CF0A-E127-43F6-ABEB-8CA904C7ECDE}"
EndProject
Project("{2150E333-8FDC-42A3-9474-1A3956D46DE8}") = "Tests", "Tests", "{9466F77B-CD40-46AB-B979-4C59F5F23C13}"
EndProject
Project("{2150E333-8FDC-42A3-9474-1A3956D46DE8}") = "Web", "Web", "{6B1DD025-E89F-4912-B085-2A9020305C83}"
EndProject
Global
	GlobalSection(SolutionConfigurationPlatforms) = preSolution
		Debug|Any CPU = Debug|Any CPU
		Release|Any CPU = Release|Any CPU
	EndGlobalSection
	GlobalSection(ProjectConfigurationPlatforms) = postSolution
		{D22B4C57-ADF8-4CBB-9B6E-D4AE91E7153B}.Debug|Any CPU.ActiveCfg = Debug|Any CPU
		{D22B4C57-ADF8-4CBB-9B6E-D4AE91E7153B}.Debug|Any CPU.Build.0 = Debug|Any CPU
		{D22B4C57-ADF8-4CBB-9B6E-D4AE91E7153B}.Release|Any CPU.ActiveCfg = Release|Any CPU
		{D22B4C57-ADF8-4CBB-9B6E-D4AE91E7153B}.Release|Any CPU.Build.0 = Release|Any CPU
		{F785EEA0-27AD-4A29-ACD4-AE02E7CC8585}.Debug|Any CPU.ActiveCfg = Debug|Any CPU
		{F785EEA0-27AD-4A29-ACD4-AE02E7CC8585}.Debug|Any CPU.Build.0 = Debug|Any CPU
		{F785EEA0-27AD-4A29-ACD4-AE02E7CC8585}.Release|Any CPU.ActiveCfg = Release|Any CPU
		{F785EEA0-27AD-4A29-ACD4-AE02E7CC8585}.Release|Any CPU.Build.0 = Release|Any CPU
		{3318493B-EB9A-49D6-9EF3-AEBC43DFC945}.Debug|Any CPU.ActiveCfg = Debug|Any CPU
		{3318493B-EB9A-49D6-9EF3-AEBC43DFC945}.Debug|Any CPU.Build.0 = Debug|Any CPU
		{3318493B-EB9A-49D6-9EF3-AEBC43DFC945}.Release|Any CPU.ActiveCfg = Release|Any CPU
		{3318493B-EB9A-49D6-9EF3-AEBC43DFC945}.Release|Any CPU.Build.0 = Release|Any CPU
		{8CC49735-AB93-4FA9-BD15-0BDC28C63A02}.Debug|Any CPU.ActiveCfg = Debug|Any CPU
		{8CC49735-AB93-4FA9-BD15-0BDC28C63A02}.Debug|Any CPU.Build.0 = Debug|Any CPU
		{8CC49735-AB93-4FA9-BD15-0BDC28C63A02}.Release|Any CPU.ActiveCfg = Release|Any CPU
		{8CC49735-AB93-4FA9-BD15-0BDC28C63A02}.Release|Any CPU.Build.0 = Release|Any CPU
		{1503A9E0-3C2A-4DC8-AEE4-B97D14FA7B27}.Debug|Any CPU.ActiveCfg = Debug|Any CPU
		{1503A9E0-3C2A-4DC8-AEE4-B97D14FA7B27}.Debug|Any CPU.Build.0 = Debug|Any CPU
		{1503A9E0-3C2A-4DC8-AEE4-B97D14FA7B27}.Release|Any CPU.ActiveCfg = Release|Any CPU
		{1503A9E0-3C2A-4DC8-AEE4-B97D14FA7B27}.Release|Any CPU.Build.0 = Release|Any CPU
		{7A8AC1C8-884B-4555-8DB0-905509C3A5D7}.Debug|Any CPU.ActiveCfg = Debug|Any CPU
		{7A8AC1C8-884B-4555-8DB0-905509C3A5D7}.Debug|Any CPU.Build.0 = Debug|Any CPU
		{7A8AC1C8-884B-4555-8DB0-905509C3A5D7}.Release|Any CPU.ActiveCfg = Release|Any CPU
		{7A8AC1C8-884B-4555-8DB0-905509C3A5D7}.Release|Any CPU.Build.0 = Release|Any CPU
		{48E53F0E-543F-4BB1-A7A1-40B5F51245D9}.Debug|Any CPU.ActiveCfg = Debug|Any CPU
		{48E53F0E-543F-4BB1-A7A1-40B5F51245D9}.Debug|Any CPU.Build.0 = Debug|Any CPU
		{48E53F0E-543F-4BB1-A7A1-40B5F51245D9}.Release|Any CPU.ActiveCfg = Release|Any CPU
		{48E53F0E-543F-4BB1-A7A1-40B5F51245D9}.Release|Any CPU.Build.0 = Release|Any CPU
	EndGlobalSection
	GlobalSection(SolutionProperties) = preSolution
		HideSolutionNode = FALSE
	EndGlobalSection
	GlobalSection(NestedProjects) = preSolution
		{D22B4C57-ADF8-4CBB-9B6E-D4AE91E7153B} = {379FD420-7503-48FB-87FB-67C244350655}
		{F785EEA0-27AD-4A29-ACD4-AE02E7CC8585} = {5BA3CF0A-E127-43F6-ABEB-8CA904C7ECDE}
		{3318493B-EB9A-49D6-9EF3-AEBC43DFC945} = {5BA3CF0A-E127-43F6-ABEB-8CA904C7ECDE}
		{8CC49735-AB93-4FA9-BD15-0BDC28C63A02} = {6B1DD025-E89F-4912-B085-2A9020305C83}
		{1503A9E0-3C2A-4DC8-AEE4-B97D14FA7B27} = {6B1DD025-E89F-4912-B085-2A9020305C83}
		{7A8AC1C8-884B-4555-8DB0-905509C3A5D7} = {9466F77B-CD40-46AB-B979-4C59F5F23C13}
		{48E53F0E-543F-4BB1-A7A1-40B5F51245D9} = {379FD420-7503-48FB-87FB-67C244350655}
	EndGlobalSection
EndGlobal
