
Microsoft Visual Studio Solution File, Format Version 12.00
# Visual Studio 14
VisualStudioVersion = 14.0.24720.0
MinimumVisualStudioVersion = 10.0.40219.1
Project("{FAE04EC0-301F-11D3-BF4B-00C04F79EFBC}") = "Core", "Core\Core.csproj", "{D22B4C57-ADF8-4CBB-9B6E-D4AE91E7153B}"
EndProject
Project("{FAE04EC0-301F-11D3-BF4B-00C04F79EFBC}") = "Database", "Database.Core\Database.csproj", "{F785EEA0-27AD-4A29-ACD4-AE02E7CC8585}"
EndProject
Project("{FAE04EC0-301F-11D3-BF4B-00C04F79EFBC}") = "Task.Playground", "Task.Playground\Task.Playground.csproj", "{01798BAA-73AA-47A3-90E5-1355E2768B8A}"
EndProject
Project("{FAE04EC0-301F-11D3-BF4B-00C04F79EFBC}") = "Core.API", "Core.API\Core.API.csproj", "{662283CA-B7C7-4BEF-A1FE-478A99F8C4AC}"
EndProject
Project("{FAE04EC0-301F-11D3-BF4B-00C04F79EFBC}") = "Core.UI", "Core.UI\Core.UI.csproj", "{B1063886-A73A-4362-9942-242250D29CB8}"
EndProject
Project("{2150E333-8FDC-42A3-9474-1A3956D46DE8}") = "Solution Items", "Solution Items", "{297EA361-6CB6-4607-AF6F-24BE2165E34F}"
	ProjectSection(SolutionItems) = preProject
		nuget.config = nuget.config
	EndProjectSection
EndProject
Project("{FAE04EC0-301F-11D3-BF4B-00C04F79EFBC}") = "Web.API", "Web.API\Web.API.csproj", "{DAE4B3D6-C153-4130-AE76-7F7C920A2EA3}"
EndProject
Project("{FAE04EC0-301F-11D3-BF4B-00C04F79EFBC}") = "Web.UI", "Web.UI\Web.UI.csproj", "{A6ABB848-55FB-4B47-9A0F-AC77B80EBCAE}"
EndProject
Global
	GlobalSection(SolutionConfigurationPlatforms) = preSolution
		Debug|Any CPU = Debug|Any CPU
		Release|Any CPU = Release|Any CPU
	EndGlobalSection
	GlobalSection(ProjectConfigurationPlatforms) = postSolution
		{D22B4C57-ADF8-4CBB-9B6E-D4AE91E7153B}.Debug|Any CPU.ActiveCfg = Debug|Any CPU
		{D22B4C57-ADF8-4CBB-9B6E-D4AE91E7153B}.Debug|Any CPU.Build.0 = Debug|Any CPU
		{D22B4C57-ADF8-4CBB-9B6E-D4AE91E7153B}.Release|Any CPU.ActiveCfg = Release|Any CPU
		{D22B4C57-ADF8-4CBB-9B6E-D4AE91E7153B}.Release|Any CPU.Build.0 = Release|Any CPU
		{F785EEA0-27AD-4A29-ACD4-AE02E7CC8585}.Debug|Any CPU.ActiveCfg = Debug|Any CPU
		{F785EEA0-27AD-4A29-ACD4-AE02E7CC8585}.Debug|Any CPU.Build.0 = Debug|Any CPU
		{F785EEA0-27AD-4A29-ACD4-AE02E7CC8585}.Release|Any CPU.ActiveCfg = Release|Any CPU
		{F785EEA0-27AD-4A29-ACD4-AE02E7CC8585}.Release|Any CPU.Build.0 = Release|Any CPU
		{01798BAA-73AA-47A3-90E5-1355E2768B8A}.Debug|Any CPU.ActiveCfg = Debug|Any CPU
		{01798BAA-73AA-47A3-90E5-1355E2768B8A}.Debug|Any CPU.Build.0 = Debug|Any CPU
		{01798BAA-73AA-47A3-90E5-1355E2768B8A}.Release|Any CPU.ActiveCfg = Release|Any CPU
		{01798BAA-73AA-47A3-90E5-1355E2768B8A}.Release|Any CPU.Build.0 = Release|Any CPU
		{662283CA-B7C7-4BEF-A1FE-478A99F8C4AC}.Debug|Any CPU.ActiveCfg = Debug|Any CPU
		{662283CA-B7C7-4BEF-A1FE-478A99F8C4AC}.Debug|Any CPU.Build.0 = Debug|Any CPU
		{662283CA-B7C7-4BEF-A1FE-478A99F8C4AC}.Release|Any CPU.ActiveCfg = Release|Any CPU
		{662283CA-B7C7-4BEF-A1FE-478A99F8C4AC}.Release|Any CPU.Build.0 = Release|Any CPU
		{B1063886-A73A-4362-9942-242250D29CB8}.Debug|Any CPU.ActiveCfg = Debug|Any CPU
		{B1063886-A73A-4362-9942-242250D29CB8}.Debug|Any CPU.Build.0 = Debug|Any CPU
		{B1063886-A73A-4362-9942-242250D29CB8}.Release|Any CPU.ActiveCfg = Release|Any CPU
		{B1063886-A73A-4362-9942-242250D29CB8}.Release|Any CPU.Build.0 = Release|Any CPU
		{DAE4B3D6-C153-4130-AE76-7F7C920A2EA3}.Debug|Any CPU.ActiveCfg = Debug|Any CPU
		{DAE4B3D6-C153-4130-AE76-7F7C920A2EA3}.Debug|Any CPU.Build.0 = Debug|Any CPU
		{DAE4B3D6-C153-4130-AE76-7F7C920A2EA3}.Release|Any CPU.ActiveCfg = Release|Any CPU
		{DAE4B3D6-C153-4130-AE76-7F7C920A2EA3}.Release|Any CPU.Build.0 = Release|Any CPU
		{A6ABB848-55FB-4B47-9A0F-AC77B80EBCAE}.Debug|Any CPU.ActiveCfg = Debug|Any CPU
		{A6ABB848-55FB-4B47-9A0F-AC77B80EBCAE}.Debug|Any CPU.Build.0 = Debug|Any CPU
		{A6ABB848-55FB-4B47-9A0F-AC77B80EBCAE}.Release|Any CPU.ActiveCfg = Release|Any CPU
		{A6ABB848-55FB-4B47-9A0F-AC77B80EBCAE}.Release|Any CPU.Build.0 = Release|Any CPU
	EndGlobalSection
	GlobalSection(SolutionProperties) = preSolution
		HideSolutionNode = FALSE
	EndGlobalSection
EndGlobal
